
Microsoft Visual Studio Solution File, Format Version 12.00
# Visual Studio 15
VisualStudioVersion = 15.0.28124.53
MinimumVisualStudioVersion = 10.0.40219.1
Project("{FAE04EC0-301F-11D3-BF4B-00C04F79EFBC}") = "ASIST-REPORT-REST-API", "CISSA-REST-API\ASIST-REPORT-REST-API.csproj", "{BEAB749D-9655-44BB-AB6A-579833F8BD3C}"
EndProject
Global
	GlobalSection(SolutionConfigurationPlatforms) = preSolution
		Debug|Any CPU = Debug|Any CPU
		Release|Any CPU = Release|Any CPU
	EndGlobalSection
	GlobalSection(ProjectConfigurationPlatforms) = postSolution
		{BEAB749D-9655-44BB-AB6A-579833F8BD3C}.Debug|Any CPU.ActiveCfg = Debug|Any CPU
		{BEAB749D-9655-44BB-AB6A-579833F8BD3C}.Debug|Any CPU.Build.0 = Debug|Any CPU
		{BEAB749D-9655-44BB-AB6A-579833F8BD3C}.Release|Any CPU.ActiveCfg = Release|Any CPU
		{BEAB749D-9655-44BB-AB6A-579833F8BD3C}.Release|Any CPU.Build.0 = Release|Any CPU
	EndGlobalSection
	GlobalSection(SolutionProperties) = preSolution
		HideSolutionNode = FALSE
	EndGlobalSection
	GlobalSection(ExtensibilityGlobals) = postSolution
		SolutionGuid = {80B3D0FC-6158-46B7-B45C-96A940F214D7}
	EndGlobalSection
EndGlobal
